
Microsoft Visual Studio Solution File, Format Version 11.00
# Visual Studio 2010
Project("{8BC9CEB8-8B4A-11D0-8D11-00A0C91BC942}") = "12131597 정민교 1차", "12131597 정민교 1차\12131597 정민교 1차.vcxproj", "{06782C47-7855-4C58-8614-4A84DB409849}"
EndProject
Global
	GlobalSection(SolutionConfigurationPlatforms) = preSolution
		Debug|Win32 = Debug|Win32
		Release|Win32 = Release|Win32
	EndGlobalSection
	GlobalSection(ProjectConfigurationPlatforms) = postSolution
		{06782C47-7855-4C58-8614-4A84DB409849}.Debug|Win32.ActiveCfg = Debug|Win32
		{06782C47-7855-4C58-8614-4A84DB409849}.Debug|Win32.Build.0 = Debug|Win32
		{06782C47-7855-4C58-8614-4A84DB409849}.Release|Win32.ActiveCfg = Release|Win32
		{06782C47-7855-4C58-8614-4A84DB409849}.Release|Win32.Build.0 = Release|Win32
	EndGlobalSection
	GlobalSection(SolutionProperties) = preSolution
		HideSolutionNode = FALSE
	EndGlobalSection
EndGlobal
